
Microsoft Visual Studio Solution File, Format Version 12.00
# Visual Studio Version 17
VisualStudioVersion = 17.2.32616.157
MinimumVisualStudioVersion = 10.0.40219.1
Project("{FAE04EC0-301F-11D3-BF4B-00C04F79EFBC}") = "FRCPlayback", "FRCPlayback.csproj", "{51093083-6AD0-4869-A724-0736A69E0EDE}"
EndProject
Global
	GlobalSection(SolutionConfigurationPlatforms) = preSolution
		Debug|Any CPU = Debug|Any CPU
		Release|Any CPU = Release|Any CPU
	EndGlobalSection
	GlobalSection(ProjectConfigurationPlatforms) = postSolution
		{51093083-6AD0-4869-A724-0736A69E0EDE}.Debug|Any CPU.ActiveCfg = Debug|Any CPU
		{51093083-6AD0-4869-A724-0736A69E0EDE}.Debug|Any CPU.Build.0 = Debug|Any CPU
		{51093083-6AD0-4869-A724-0736A69E0EDE}.Release|Any CPU.ActiveCfg = Release|Any CPU
		{51093083-6AD0-4869-A724-0736A69E0EDE}.Release|Any CPU.Build.0 = Release|Any CPU
	EndGlobalSection
	GlobalSection(SolutionProperties) = preSolution
		HideSolutionNode = FALSE
	EndGlobalSection
	GlobalSection(ExtensibilityGlobals) = postSolution
		SolutionGuid = {BBE940AE-BDB8-48AA-9B52-09EDC6182350}
	EndGlobalSection
EndGlobal
